
Microsoft Visual Studio Solution File, Format Version 12.00
# Visual Studio Version 17
VisualStudioVersion = 17.2.32616.157
MinimumVisualStudioVersion = 10.0.40219.1
Project("{FAE04EC0-301F-11D3-BF4B-00C04F79EFBC}") = "Blog-Managementt", "Blog-Managementt\Blog-Managementt.csproj", "{6DB7DD76-9AA9-4DA6-813F-EB838DA9D59A}"
EndProject
Global
	GlobalSection(SolutionConfigurationPlatforms) = preSolution
		Debug|Any CPU = Debug|Any CPU
		Release|Any CPU = Release|Any CPU
	EndGlobalSection
	GlobalSection(ProjectConfigurationPlatforms) = postSolution
		{6DB7DD76-9AA9-4DA6-813F-EB838DA9D59A}.Debug|Any CPU.ActiveCfg = Debug|Any CPU
		{6DB7DD76-9AA9-4DA6-813F-EB838DA9D59A}.Debug|Any CPU.Build.0 = Debug|Any CPU
		{6DB7DD76-9AA9-4DA6-813F-EB838DA9D59A}.Release|Any CPU.ActiveCfg = Release|Any CPU
		{6DB7DD76-9AA9-4DA6-813F-EB838DA9D59A}.Release|Any CPU.Build.0 = Release|Any CPU
	EndGlobalSection
	GlobalSection(SolutionProperties) = preSolution
		HideSolutionNode = FALSE
	EndGlobalSection
	GlobalSection(ExtensibilityGlobals) = postSolution
		SolutionGuid = {4866FFEE-1533-4B49-9487-2569BBA84097}
	EndGlobalSection
EndGlobal
